{
    "_readme": [
        "This file locks the dependencies of your project to a known state",
        "Read more about it at https://getcomposer.org/doc/01-basic-usage.md#composer-lock-the-lock-file",
        "This file is @generated automatically"
    ],
    "hash": "f4f26918432f8f6ed40008ffd516708d",
    "packages": [
        {
            "name": "tijsverkoyen/akismet",
            "version": "1.1.0",
            "source": {
                "type": "git",
                "url": "https://github.com/tijsverkoyen/Akismet.git",
                "reference": "0c5185956e11824ed310d134d38d0b2c936f3d3a"
            },
            "dist": {
                "type": "zip",
                "url": "https://api.github.com/repos/tijsverkoyen/Akismet/zipball/0c5185956e11824ed310d134d38d0b2c936f3d3a",
                "reference": "0c5185956e11824ed310d134d38d0b2c936f3d3a",
                "shasum": ""
            },
            "require": {
                "ext-curl": "*",
                "php": ">=5.2.0"
            },
            "type": "library",
            "autoload": {
                "classmap": [
                    ""
                ]
            },
            "notification-url": "https://packagist.org/downloads/",
            "license": [
                "BSD"
            ],
            "authors": [
                {
                    "name": "Tijs Verkoyen",
                    "email": "akismet@verkoyen.eu",
                    "role": "Developer"
                }
            ],
            "description": "Akismet is a wrapper-class to communicate with the Akismet API.",
            "homepage": "https://github.com/tijsverkoyen/Akismet",
            "time": "2012-10-13 17:59:41"
        }
    ],
    "packages-dev": [],
    "aliases": [],
    "minimum-stability": "stable",
    "stability-flags": [],
    "prefer-stable": false,
    "prefer-lowest": false,
    "platform": [],
    "platform-dev": []
}
