# This file is generated by running "yarn install" inside your project.
# Manual changes might be lost - proceed with caution!

__metadata:
  version: 5
  cacheKey: 8

"@flarum/prettier-config@npm:^1.0.0":
  version: 1.0.0
  resolution: "@flarum/prettier-config@npm:1.0.0"
  checksum: 2035b97dcd02f2ebcb9f0f88111adbf176fbb31132c4e0a2a5387cec14619ef0f8ac3418c14a0730de1d14765b2bc7c53aa3eea6b28949da93ceb3c1c229195a
  languageName: node
  linkType: hard

"flarum@workspace:.":
  version: 0.0.0-use.local
  resolution: "flarum@workspace:."
  dependencies:
    "@flarum/prettier-config": ^1.0.0
    prettier: ^2.5.1
  languageName: unknown
  linkType: soft

"prettier@npm:^2.5.1":
  version: 2.5.1
  resolution: "prettier@npm:2.5.1"
  bin:
    prettier: bin-prettier.js
  checksum: 21b9408476ea1c544b0e45d51ceb94a84789ff92095abb710942d780c862d0daebdb29972d47f6b4d0f7ebbfb0ffbf56cc2cfa3e3e9d1cca54864af185b15b66
  languageName: node
  linkType: hard
